
Microsoft Visual Studio Solution File, Format Version 12.00
# Visual Studio Version 16
VisualStudioVersion = 16.0.31402.337
MinimumVisualStudioVersion = 10.0.40219.1
Project("{FAE04EC0-301F-11D3-BF4B-00C04F79EFBC}") = "Z Image Uploader", "Z Image Uploader\Z Image Uploader.csproj", "{8DB5BA11-8A64-411F-AEF1-CCD313C909E4}"
EndProject
Global
	GlobalSection(SolutionConfigurationPlatforms) = preSolution
		Debug|Any CPU = Debug|Any CPU
		Release|Any CPU = Release|Any CPU
	EndGlobalSection
	GlobalSection(ProjectConfigurationPlatforms) = postSolution
		{8DB5BA11-8A64-411F-AEF1-CCD313C909E4}.Debug|Any CPU.ActiveCfg = Debug|Any CPU
		{8DB5BA11-8A64-411F-AEF1-CCD313C909E4}.Debug|Any CPU.Build.0 = Debug|Any CPU
		{8DB5BA11-8A64-411F-AEF1-CCD313C909E4}.Release|Any CPU.ActiveCfg = Release|Any CPU
		{8DB5BA11-8A64-411F-AEF1-CCD313C909E4}.Release|Any CPU.Build.0 = Release|Any CPU
	EndGlobalSection
	GlobalSection(SolutionProperties) = preSolution
		HideSolutionNode = FALSE
	EndGlobalSection
	GlobalSection(ExtensibilityGlobals) = postSolution
		SolutionGuid = {192C0EF2-1269-4734-9ED1-038ACF282C41}
	EndGlobalSection
EndGlobal
