
Microsoft Visual Studio Solution File, Format Version 12.00
# Visual Studio Version 16
VisualStudioVersion = 16.0.31402.337
MinimumVisualStudioVersion = 10.0.40219.1
Project("{FAE04EC0-301F-11D3-BF4B-00C04F79EFBC}") = "LoginForm", "LoginForm\LoginForm.csproj", "{C80ABCF5-1BD6-4BE6-9CAF-C78CC971E1DF}"
EndProject
Global
	GlobalSection(SolutionConfigurationPlatforms) = preSolution
		Debug|Any CPU = Debug|Any CPU
		Release|Any CPU = Release|Any CPU
	EndGlobalSection
	GlobalSection(ProjectConfigurationPlatforms) = postSolution
		{C80ABCF5-1BD6-4BE6-9CAF-C78CC971E1DF}.Debug|Any CPU.ActiveCfg = Debug|Any CPU
		{C80ABCF5-1BD6-4BE6-9CAF-C78CC971E1DF}.Debug|Any CPU.Build.0 = Debug|Any CPU
		{C80ABCF5-1BD6-4BE6-9CAF-C78CC971E1DF}.Release|Any CPU.ActiveCfg = Release|Any CPU
		{C80ABCF5-1BD6-4BE6-9CAF-C78CC971E1DF}.Release|Any CPU.Build.0 = Release|Any CPU
	EndGlobalSection
	GlobalSection(SolutionProperties) = preSolution
		HideSolutionNode = FALSE
	EndGlobalSection
	GlobalSection(ExtensibilityGlobals) = postSolution
		SolutionGuid = {E700F5F9-2618-4F17-B8F3-E8D352FDE9A5}
	EndGlobalSection
EndGlobal
